// !$*UTF8*$!
{
	archiveVersion = 1;
	classes = {
	};
	objectVersion = 110;
	objects = {

/* Begin PBXBuildFile section */
		A1000000000000000000000E /* ZLinksLiveActivity.appex in Embed App Extensions */ = {isa = PBXBuildFile; fileRef = A10000000000000000000001 /* ZLinksLiveActivity.appex */; settings = {ATTRIBUTES = (RemoveHeadersOnCopy, ); }; };
/* End PBXBuildFile section */

/* Begin PBXContainerItemProxy section */
		A1000000000000000000000B /* PBXContainerItemProxy */ = {
			isa = PBXContainerItemProxy;
			containerPortal = C3F8D04D3052BD66000D6D84 /* Project object */;
			proxyType = 1;
			remoteGlobalIDString = A10000000000000000000004;
			remoteInfo = ZLinksLiveActivity;
		};
		C3F8D0633052BD6B000D6D84 /* PBXContainerItemProxy */ = {
			isa = PBXContainerItemProxy;
			containerPortal = C3F8D04D3052BD66000D6D84 /* Project object */;
			proxyType = 1;
			remoteGlobalIDString = C3F8D0543052BD66000D6D84;
			remoteInfo = ZLinks;
		};
		C3F8D06D3052BD6B000D6D84 /* PBXContainerItemProxy */ = {
			isa = PBXContainerItemProxy;
			containerPortal = C3F8D04D3052BD66000D6D84 /* Project object */;
			proxyType = 1;
			remoteGlobalIDString = C3F8D0543052BD66000D6D84;
			remoteInfo = ZLinks;
		};
/* End PBXContainerItemProxy section */

/* Begin PBXCopyFilesBuildPhase section */
		A1000000000000000000000D /* Embed App Extensions */ = {
			isa = PBXCopyFilesBuildPhase;
			dstPath = "";
			dstSubfolder = PlugIns;
			files = (
				A1000000000000000000000E /* ZLinksLiveActivity.appex in Embed App Extensions */,
			);
			name = "Embed App Extensions";
		};
/* End PBXCopyFilesBuildPhase section */

/* Begin PBXFileReference section */
		A10000000000000000000001 /* ZLinksLiveActivity.appex */ = {isa = PBXFileReference; explicitFileType = "wrapper.app-extension"; includeInIndex = 0; path = ZLinksLiveActivity.appex; sourceTree = BUILT_PRODUCTS_DIR; };
		C3F8D0553052BD66000D6D84 /* ZLinks.app */ = {isa = PBXFileReference; explicitFileType = wrapper.application; includeInIndex = 0; path = ZLinks.app; sourceTree = BUILT_PRODUCTS_DIR; };
		C3F8D0623052BD6B000D6D84 /* ZLinksTests.xctest */ = {isa = PBXFileReference; explicitFileType = wrapper.cfbundle; includeInIndex = 0; path = ZLinksTests.xctest; sourceTree = BUILT_PRODUCTS_DIR; };
		C3F8D06C3052BD6B000D6D84 /* ZLinksUITests.xctest */ = {isa = PBXFileReference; explicitFileType = wrapper.cfbundle; includeInIndex = 0; path = ZLinksUITests.xctest; sourceTree = BUILT_PRODUCTS_DIR; };
/* End PBXFileReference section */

/* Begin PBXFileSystemSynchronizedRootGroup section */
		A10000000000000000000002 /* ZLinksLiveActivity */ = {
			isa = PBXFileSystemSynchronizedRootGroup;
			path = ZLinksLiveActivity;
			sourceTree = "<group>";
		};
		A10000000000000000000003 /* Shared */ = {
			isa = PBXFileSystemSynchronizedRootGroup;
			path = Shared;
			sourceTree = "<group>";
		};
		C3F8D0573052BD66000D6D84 /* ZLinks */ = {
			isa = PBXFileSystemSynchronizedRootGroup;
			path = ZLinks;
			sourceTree = "<group>";
		};
		C3F8D0653052BD6B000D6D84 /* ZLinksTests */ = {
			isa = PBXFileSystemSynchronizedRootGroup;
			path = ZLinksTests;
			sourceTree = "<group>";
		};
		C3F8D06F3052BD6B000D6D84 /* ZLinksUITests */ = {
			isa = PBXFileSystemSynchronizedRootGroup;
			path = ZLinksUITests;
			sourceTree = "<group>";
		};
/* End PBXFileSystemSynchronizedRootGroup section */

/* Begin PBXFrameworksBuildPhase section */
		A10000000000000000000006 /* Frameworks */ = {
			isa = PBXFrameworksBuildPhase;
			files = (
			);
		};
		C3F8D0523052BD66000D6D84 /* Frameworks */ = {
			isa = PBXFrameworksBuildPhase;
			files = (
			);
		};
		C3F8D05F3052BD6B000D6D84 /* Frameworks */ = {
			isa = PBXFrameworksBuildPhase;
			files = (
			);
		};
		C3F8D0693052BD6B000D6D84 /* Frameworks */ = {
			isa = PBXFrameworksBuildPhase;
			files = (
			);
		};
/* End PBXFrameworksBuildPhase section */

/* Begin PBXGroup section */
		C3F8D04C3052BD66000D6D84 = {
			isa = PBXGroup;
			children = (
				C3F8D0573052BD66000D6D84 /* ZLinks */,
				A10000000000000000000003 /* Shared */,
				A10000000000000000000002 /* ZLinksLiveActivity */,
				C3F8D0653052BD6B000D6D84 /* ZLinksTests */,
				C3F8D06F3052BD6B000D6D84 /* ZLinksUITests */,
				C3F8D0563052BD66000D6D84 /* Products */,
			);
			sourceTree = "<group>";
		};
		C3F8D0563052BD66000D6D84 /* Products */ = {
			isa = PBXGroup;
			children = (
				C3F8D0553052BD66000D6D84 /* ZLinks.app */,
				A10000000000000000000001 /* ZLinksLiveActivity.appex */,
				C3F8D0623052BD6B000D6D84 /* ZLinksTests.xctest */,
				C3F8D06C3052BD6B000D6D84 /* ZLinksUITests.xctest */,
			);
			name = Products;
			sourceTree = "<group>";
		};
/* End PBXGroup section */

/* Begin PBXNativeTarget section */
		A10000000000000000000004 /* ZLinksLiveActivity */ = {
			isa = PBXNativeTarget;
			buildConfigurationList = A10000000000000000000008 /* Build configuration list for PBXNativeTarget "ZLinksLiveActivity" */;
			buildPhases = (
				A10000000000000000000005 /* Sources */,
				A10000000000000000000006 /* Frameworks */,
				A10000000000000000000007 /* Resources */,
			);
			buildRules = (
			);
			fileSystemSynchronizedGroups = (
				A10000000000000000000002 /* ZLinksLiveActivity */,
				A10000000000000000000003 /* Shared */,
			);
			name = ZLinksLiveActivity;
			productName = ZLinksLiveActivity;
			productReference = A10000000000000000000001 /* ZLinksLiveActivity.appex */;
			productType = "com.apple.product-type.app-extension";
		};
		C3F8D0543052BD66000D6D84 /* ZLinks */ = {
			isa = PBXNativeTarget;
			buildConfigurationList = C3F8D0743052BD6B000D6D84 /* Build configuration list for PBXNativeTarget "ZLinks" */;
			buildPhases = (
				C3F8D0513052BD66000D6D84 /* Sources */,
				C3F8D0523052BD66000D6D84 /* Frameworks */,
				C3F8D0533052BD66000D6D84 /* Resources */,
				A1000000000000000000000D /* Embed App Extensions */,
			);
			buildRules = (
			);
			dependencies = (
				A1000000000000000000000C /* PBXTargetDependency */,
			);
			fileSystemSynchronizedGroups = (
				A10000000000000000000003 /* Shared */,
				C3F8D0573052BD66000D6D84 /* ZLinks */,
			);
			name = ZLinks;
			productName = ZLinks;
			productReference = C3F8D0553052BD66000D6D84 /* ZLinks.app */;
			productType = "com.apple.product-type.application";
		};
		C3F8D0613052BD6B000D6D84 /* ZLinksTests */ = {
			isa = PBXNativeTarget;
			buildConfigurationList = C3F8D0773052BD6B000D6D84 /* Build configuration list for PBXNativeTarget "ZLinksTests" */;
			buildPhases = (
				C3F8D05E3052BD6B000D6D84 /* Sources */,
				C3F8D05F3052BD6B000D6D84 /* Frameworks */,
				C3F8D0603052BD6B000D6D84 /* Resources */,
			);
			buildRules = (
			);
			dependencies = (
				C3F8D0643052BD6B000D6D84 /* PBXTargetDependency */,
			);
			fileSystemSynchronizedGroups = (
				C3F8D0653052BD6B000D6D84 /* ZLinksTests */,
			);
			name = ZLinksTests;
			productName = ZLinksTests;
			productReference = C3F8D0623052BD6B000D6D84 /* ZLinksTests.xctest */;
			productType = "com.apple.product-type.bundle.unit-test";
		};
		C3F8D06B3052BD6B000D6D84 /* ZLinksUITests */ = {
			isa = PBXNativeTarget;
			buildConfigurationList = C3F8D07A3052BD6B000D6D84 /* Build configuration list for PBXNativeTarget "ZLinksUITests" */;
			buildPhases = (
				C3F8D0683052BD6B000D6D84 /* Sources */,
				C3F8D0693052BD6B000D6D84 /* Frameworks */,
				C3F8D06A3052BD6B000D6D84 /* Resources */,
			);
			buildRules = (
			);
			dependencies = (
				C3F8D06E3052BD6B000D6D84 /* PBXTargetDependency */,
			);
			fileSystemSynchronizedGroups = (
				C3F8D06F3052BD6B000D6D84 /* ZLinksUITests */,
			);
			name = ZLinksUITests;
			productName = ZLinksUITests;
			productReference = C3F8D06C3052BD6B000D6D84 /* ZLinksUITests.xctest */;
			productType = "com.apple.product-type.bundle.ui-testing";
		};
/* End PBXNativeTarget section */

/* Begin PBXProject section */
		C3F8D04D3052BD66000D6D84 /* Project object */ = {
			isa = PBXProject;
			attributes = {
				BuildIndependentTargetsInParallel = 1;
				LastSwiftUpdateCheck = 2700;
				LastUpgradeCheck = 2700;
				TargetAttributes = {
					A10000000000000000000004 = {
						CreatedOnToolsVersion = 27.0;
					};
					C3F8D0543052BD66000D6D84 = {
						CreatedOnToolsVersion = 27.0;
					};
					C3F8D0613052BD6B000D6D84 = {
						CreatedOnToolsVersion = 27.0;
						TestTargetID = C3F8D0543052BD66000D6D84;
					};
					C3F8D06B3052BD6B000D6D84 = {
						CreatedOnToolsVersion = 27.0;
						TestTargetID = C3F8D0543052BD66000D6D84;
					};
				};
			};
			buildConfigurationList = C3F8D0503052BD66000D6D84 /* Build configuration list for PBXProject "ZLinks" */;
			developmentRegion = en;
			hasScannedForEncodings = 0;
			knownRegions = (
				en,
				Base,
			);
			mainGroup = C3F8D04C3052BD66000D6D84;
			minimizedProjectReferenceProxies = 1;
			preferredProjectObjectVersion = 77;
			productRefGroup = C3F8D0563052BD66000D6D84 /* Products */;
			projectDirPath = "";
			projectRoot = "";
			targets = (
				C3F8D0543052BD66000D6D84 /* ZLinks */,
				A10000000000000000000004 /* ZLinksLiveActivity */,
				C3F8D0613052BD6B000D6D84 /* ZLinksTests */,
				C3F8D06B3052BD6B000D6D84 /* ZLinksUITests */,
			);
		};
/* End PBXProject section */

/* Begin PBXResourcesBuildPhase section */
		A10000000000000000000007 /* Resources */ = {
			isa = PBXResourcesBuildPhase;
			files = (
			);
		};
		C3F8D0533052BD66000D6D84 /* Resources */ = {
			isa = PBXResourcesBuildPhase;
			files = (
			);
		};
		C3F8D0603052BD6B000D6D84 /* Resources */ = {
			isa = PBXResourcesBuildPhase;
			files = (
			);
		};
		C3F8D06A3052BD6B000D6D84 /* Resources */ = {
			isa = PBXResourcesBuildPhase;
			files = (
			);
		};
/* End PBXResourcesBuildPhase section */

/* Begin PBXSourcesBuildPhase section */
		A10000000000000000000005 /* Sources */ = {
			isa = PBXSourcesBuildPhase;
			files = (
			);
		};
		C3F8D0513052BD66000D6D84 /* Sources */ = {
			isa = PBXSourcesBuildPhase;
			files = (
			);
		};
		C3F8D05E3052BD6B000D6D84 /* Sources */ = {
			isa = PBXSourcesBuildPhase;
			files = (
			);
		};
		C3F8D0683052BD6B000D6D84 /* Sources */ = {
			isa = PBXSourcesBuildPhase;
			files = (
			);
		};
/* End PBXSourcesBuildPhase section */

/* Begin PBXTargetDependency section */
		A1000000000000000000000C /* PBXTargetDependency */ = {
			isa = PBXTargetDependency;
			target = A10000000000000000000004 /* ZLinksLiveActivity */;
			targetProxy = A1000000000000000000000B /* PBXContainerItemProxy */;
		};
		C3F8D0643052BD6B000D6D84 /* PBXTargetDependency */ = {
			isa = PBXTargetDependency;
			target = C3F8D0543052BD66000D6D84 /* ZLinks */;
			targetProxy = C3F8D0633052BD6B000D6D84 /* PBXContainerItemProxy */;
		};
		C3F8D06E3052BD6B000D6D84 /* PBXTargetDependency */ = {
			isa = PBXTargetDependency;
			target = C3F8D0543052BD66000D6D84 /* ZLinks */;
			targetProxy = C3F8D06D3052BD6B000D6D84 /* PBXContainerItemProxy */;
		};
/* End PBXTargetDependency section */

/* Begin XCBuildConfiguration section */
		A10000000000000000000009 /* Debug configuration for PBXNativeTarget "ZLinksLiveActivity" */ = {
			isa = XCBuildConfiguration;
			buildSettings = {
				APPLICATION_EXTENSION_API_ONLY = YES;
				CODE_SIGN_STYLE = Automatic;
				CURRENT_PROJECT_VERSION = 93;
				DEVELOPMENT_TEAM = CXKUBU37C3;
				GENERATE_INFOPLIST_FILE = NO;
				INFOPLIST_FILE = "ZLinksLiveActivity-Info.plist";
				IPHONEOS_DEPLOYMENT_TARGET = 26.0;
				LD_RUNPATH_SEARCH_PATHS = (
					"$(inherited)",
					"@executable_path/Frameworks",
					"@executable_path/../../Frameworks",
				);
				MARKETING_VERSION = 1.1.0;
				PRODUCT_BUNDLE_IDENTIFIER = cn.bptpw.ZLinks.LiveActivity;
				PRODUCT_NAME = "$(TARGET_NAME)";
				SKIP_INSTALL = YES;
				STRING_CATALOG_GENERATE_SYMBOLS = YES;
				SUPPORTED_PLATFORMS = "iphoneos iphonesimulator";
				SUPPORTS_MACCATALYST = NO;
				SUPPORTS_XR_DESIGNED_FOR_IPHONE_IPAD = NO;
				SWIFT_APPROACHABLE_CONCURRENCY = YES;
				SWIFT_DEFAULT_ACTOR_ISOLATION = MainActor;
				SWIFT_EMIT_LOC_STRINGS = YES;
				SWIFT_UPCOMING_FEATURE_MEMBER_IMPORT_VISIBILITY = YES;
				SWIFT_VERSION = 5.0;
				TARGETED_DEVICE_FAMILY = "1,2";
			};
			name = Debug;
		};
		A1000000000000000000000A /* Release configuration for PBXNativeTarget "ZLinksLiveActivity" */ = {
			isa = XCBuildConfiguration;
			buildSettings = {
				APPLICATION_EXTENSION_API_ONLY = YES;
				CODE_SIGN_STYLE = Automatic;
				CURRENT_PROJECT_VERSION = 93;
				DEVELOPMENT_TEAM = CXKUBU37C3;
				GENERATE_INFOPLIST_FILE = NO;
				INFOPLIST_FILE = "ZLinksLiveActivity-Info.plist";
				IPHONEOS_DEPLOYMENT_TARGET = 26.0;
				LD_RUNPATH_SEARCH_PATHS = (
					"$(inherited)",
					"@executable_path/Frameworks",
					"@executable_path/../../Frameworks",
				);
				MARKETING_VERSION = 1.1.0;
				PRODUCT_BUNDLE_IDENTIFIER = cn.bptpw.ZLinks.LiveActivity;
				PRODUCT_NAME = "$(TARGET_NAME)";
				SKIP_INSTALL = YES;
				STRING_CATALOG_GENERATE_SYMBOLS = YES;
				SUPPORTED_PLATFORMS = "iphoneos iphonesimulator";
				SUPPORTS_MACCATALYST = NO;
				SUPPORTS_XR_DESIGNED_FOR_IPHONE_IPAD = NO;
				SWIFT_APPROACHABLE_CONCURRENCY = YES;
				SWIFT_DEFAULT_ACTOR_ISOLATION = MainActor;
				SWIFT_EMIT_LOC_STRINGS = YES;
				SWIFT_UPCOMING_FEATURE_MEMBER_IMPORT_VISIBILITY = YES;
				SWIFT_VERSION = 5.0;
				TARGETED_DEVICE_FAMILY = "1,2";
			};
			name = Release;
		};
		C3F8D0723052BD6B000D6D84 /* Debug configuration for PBXProject "ZLinks" */ = {
			isa = XCBuildConfiguration;
			buildSettings = {
				ALWAYS_SEARCH_USER_PATHS = NO;
				ASSETCATALOG_COMPILER_GENERATE_SWIFT_ASSET_SYMBOL_EXTENSIONS = YES;
				CLANG_ANALYZER_NONNULL = YES;
				CLANG_ANALYZER_NUMBER_OBJECT_CONVERSION = YES_AGGRESSIVE;
				CLANG_CXX_LANGUAGE_STANDARD = "gnu++20";
				CLANG_ENABLE_MODULES = YES;
				CLANG_ENABLE_OBJC_ARC = YES;
				CLANG_ENABLE_OBJC_WEAK = YES;
				CLANG_WARN_BLOCK_CAPTURE_AUTORELEASING = YES;
				CLANG_WARN_BOOL_CONVERSION = YES;
				CLANG_WARN_COMMA = YES;
				CLANG_WARN_CONSTANT_CONVERSION = YES;
				CLANG_WARN_DEPRECATED_OBJC_IMPLEMENTATIONS = YES;
				CLANG_WARN_DIRECT_OBJC_ISA_USAGE = YES_ERROR;
				CLANG_WARN_DOCUMENTATION_COMMENTS = YES;
				CLANG_WARN_EMPTY_BODY = YES;
				CLANG_WARN_ENUM_CONVERSION = YES;
				CLANG_WARN_INFINITE_RECURSION = YES;
				CLANG_WARN_INT_CONVERSION = YES;
				CLANG_WARN_NON_LITERAL_NULL_CONVERSION = YES;
				CLANG_WARN_OBJC_IMPLICIT_RETAIN_SELF = YES;
				CLANG_WARN_OBJC_LITERAL_CONVERSION = YES;
				CLANG_WARN_OBJC_ROOT_CLASS = YES_ERROR;
				CLANG_WARN_QUOTED_INCLUDE_IN_FRAMEWORK_HEADER = YES;
				CLANG_WARN_RANGE_LOOP_ANALYSIS = YES;
				CLANG_WARN_STRICT_PROTOTYPES = YES;
				CLANG_WARN_SUSPICIOUS_MOVE = YES;
				CLANG_WARN_UNGUARDED_AVAILABILITY = YES_AGGRESSIVE;
				CLANG_WARN_UNREACHABLE_CODE = YES;
				CLANG_WARN__DUPLICATE_METHOD_MATCH = YES;
				COPY_PHASE_STRIP = NO;
				DEBUG_INFORMATION_FORMAT = dwarf;
				DEVELOPMENT_TEAM = CXKUBU37C3;
				ENABLE_STRICT_OBJC_MSGSEND = YES;
				ENABLE_TESTABILITY = YES;
				ENABLE_USER_SCRIPT_SANDBOXING = YES;
				GCC_C_LANGUAGE_STANDARD = gnu17;
				GCC_DYNAMIC_NO_PIC = NO;
				GCC_NO_COMMON_BLOCKS = YES;
				GCC_OPTIMIZATION_LEVEL = 0;
				GCC_PREPROCESSOR_DEFINITIONS = (
					"DEBUG=1",
					"$(inherited)",
				);
				GCC_WARN_64_TO_32_BIT_CONVERSION = YES;
				GCC_WARN_ABOUT_RETURN_TYPE = YES_ERROR;
				GCC_WARN_UNDECLARED_SELECTOR = YES;
				GCC_WARN_UNINITIALIZED_AUTOS = YES_AGGRESSIVE;
				GCC_WARN_UNUSED_FUNCTION = YES;
				GCC_WARN_UNUSED_VARIABLE = YES;
				IPHONEOS_DEPLOYMENT_TARGET = 27.0;
				LOCALIZATION_PREFERS_STRING_CATALOGS = YES;
				MTL_ENABLE_DEBUG_INFO = INCLUDE_SOURCE;
				MTL_FAST_MATH = YES;
				ONLY_ACTIVE_ARCH = YES;
				SDKROOT = iphoneos;
				SWIFT_ACTIVE_COMPILATION_CONDITIONS = "DEBUG $(inherited)";
				SWIFT_OPTIMIZATION_LEVEL = "-Onone";
			};
			name = Debug;
		};
		C3F8D0733052BD6B000D6D84 /* Release configuration for PBXProject "ZLinks" */ = {
			isa = XCBuildConfiguration;
			buildSettings = {
				ALWAYS_SEARCH_USER_PATHS = NO;
				ASSETCATALOG_COMPILER_GENERATE_SWIFT_ASSET_SYMBOL_EXTENSIONS = YES;
				CLANG_ANALYZER_NONNULL = YES;
				CLANG_ANALYZER_NUMBER_OBJECT_CONVERSION = YES_AGGRESSIVE;
				CLANG_CXX_LANGUAGE_STANDARD = "gnu++20";
				CLANG_ENABLE_MODULES = YES;
				CLANG_ENABLE_OBJC_ARC = YES;
				CLANG_ENABLE_OBJC_WEAK = YES;
				CLANG_WARN_BLOCK_CAPTURE_AUTORELEASING = YES;
				CLANG_WARN_BOOL_CONVERSION = YES;
				CLANG_WARN_COMMA = YES;
				CLANG_WARN_CONSTANT_CONVERSION = YES;
				CLANG_WARN_DEPRECATED_OBJC_IMPLEMENTATIONS = YES;
				CLANG_WARN_DIRECT_OBJC_ISA_USAGE = YES_ERROR;
				CLANG_WARN_DOCUMENTATION_COMMENTS = YES;
				CLANG_WARN_EMPTY_BODY = YES;
				CLANG_WARN_ENUM_CONVERSION = YES;
				CLANG_WARN_INFINITE_RECURSION = YES;
				CLANG_WARN_INT_CONVERSION = YES;
				CLANG_WARN_NON_LITERAL_NULL_CONVERSION = YES;
				CLANG_WARN_OBJC_IMPLICIT_RETAIN_SELF = YES;
				CLANG_WARN_OBJC_LITERAL_CONVERSION = YES;
				CLANG_WARN_OBJC_ROOT_CLASS = YES_ERROR;
				CLANG_WARN_QUOTED_INCLUDE_IN_FRAMEWORK_HEADER = YES;
				CLANG_WARN_RANGE_LOOP_ANALYSIS = YES;
				CLANG_WARN_STRICT_PROTOTYPES = YES;
				CLANG_WARN_SUSPICIOUS_MOVE = YES;
				CLANG_WARN_UNGUARDED_AVAILABILITY = YES_AGGRESSIVE;
				CLANG_WARN_UNREACHABLE_CODE = YES;
				CLANG_WARN__DUPLICATE_METHOD_MATCH = YES;
				COPY_PHASE_STRIP = NO;
				DEBUG_INFORMATION_FORMAT = "dwarf-with-dsym";
				DEVELOPMENT_TEAM = CXKUBU37C3;
				ENABLE_NS_ASSERTIONS = NO;
				ENABLE_STRICT_OBJC_MSGSEND = YES;
				ENABLE_USER_SCRIPT_SANDBOXING = YES;
				GCC_C_LANGUAGE_STANDARD = gnu17;
				GCC_NO_COMMON_BLOCKS = YES;
				GCC_WARN_64_TO_32_BIT_CONVERSION = YES;
				GCC_WARN_ABOUT_RETURN_TYPE = YES_ERROR;
				GCC_WARN_UNDECLARED_SELECTOR = YES;
				GCC_WARN_UNINITIALIZED_AUTOS = YES_AGGRESSIVE;
				GCC_WARN_UNUSED_FUNCTION = YES;
				GCC_WARN_UNUSED_VARIABLE = YES;
				IPHONEOS_DEPLOYMENT_TARGET = 27.0;
				LOCALIZATION_PREFERS_STRING_CATALOGS = YES;
				MTL_ENABLE_DEBUG_INFO = NO;
				MTL_FAST_MATH = YES;
				SDKROOT = iphoneos;
				SWIFT_COMPILATION_MODE = wholemodule;
				VALIDATE_PRODUCT = YES;
			};
			name = Release;
		};
		C3F8D0753052BD6B000D6D84 /* Debug configuration for PBXNativeTarget "ZLinks" */ = {
			isa = XCBuildConfiguration;
			buildSettings = {
				ASSETCATALOG_COMPILER_APPICON_NAME = AppIcon;
				ASSETCATALOG_COMPILER_GLOBAL_ACCENT_COLOR_NAME = AccentColor;
				CODE_SIGN_STYLE = Automatic;
				CURRENT_PROJECT_VERSION = 93;
				DEVELOPMENT_TEAM = CXKUBU37C3;
				ENABLE_PREVIEWS = YES;
				GENERATE_INFOPLIST_FILE = NO;
				INFOPLIST_FILE = Info.plist;
				INFOPLIST_KEY_CFBundleDisplayName = "Z Links";
				INFOPLIST_KEY_LSApplicationCategoryType = "public.app-category.photography";
				INFOPLIST_KEY_NSBluetoothAlwaysUsageDescription = "ZLinks 需要通过蓝牙持续向 Nikon 相机同步手机 GPS。";
				INFOPLIST_KEY_NSCameraUsageDescription = "ZLinks 需要访问通过 USB 连接的相机，以读取照片并控制相机拍摄。";
				INFOPLIST_KEY_NSLocalNetworkUsageDescription = "ZLinks 使用本地网络连接 Nikon 相机并读取相机信息。";
				INFOPLIST_KEY_NSLocationAlwaysAndWhenInUseUsageDescription = "ZLinks 需要在后台获取位置并同步给相机。";
				INFOPLIST_KEY_NSLocationWhenInUseUsageDescription = "ZLinks 需要获取位置并同步给相机。";
				INFOPLIST_KEY_NSPhotoLibraryAddUsageDescription = "ZLinks 需要将从相机下载的原始照片保存到你的相册。";
				INFOPLIST_KEY_UIApplicationSceneManifest_Generation = YES;
				INFOPLIST_KEY_UIApplicationSupportsIndirectInputEvents = YES;
				INFOPLIST_KEY_UILaunchScreen_Generation = YES;
				INFOPLIST_KEY_UISupportedInterfaceOrientations_iPad = "UIInterfaceOrientationPortrait UIInterfaceOrientationPortraitUpsideDown UIInterfaceOrientationLandscapeLeft UIInterfaceOrientationLandscapeRight";
				INFOPLIST_KEY_UISupportedInterfaceOrientations_iPhone = "UIInterfaceOrientationPortrait UIInterfaceOrientationLandscapeLeft UIInterfaceOrientationLandscapeRight";
				IPHONEOS_DEPLOYMENT_TARGET = 26.0;
				LD_RUNPATH_SEARCH_PATHS = (
					"$(inherited)",
					"@executable_path/Frameworks",
				);
				MARKETING_VERSION = 1.1.0;
				PRODUCT_BUNDLE_IDENTIFIER = cn.bptpw.ZLinks;
				PRODUCT_NAME = "$(TARGET_NAME)";
				STRING_CATALOG_GENERATE_SYMBOLS = YES;
				SUPPORTED_PLATFORMS = "iphoneos iphonesimulator";
				SUPPORTS_MACCATALYST = NO;
				SUPPORTS_XR_DESIGNED_FOR_IPHONE_IPAD = NO;
				SWIFT_APPROACHABLE_CONCURRENCY = YES;
				SWIFT_DEFAULT_ACTOR_ISOLATION = MainActor;
				SWIFT_EMIT_LOC_STRINGS = YES;
				SWIFT_UPCOMING_FEATURE_MEMBER_IMPORT_VISIBILITY = YES;
				SWIFT_VERSION = 5.0;
				TARGETED_DEVICE_FAMILY = "1,2";
			};
			name = Debug;
		};
		C3F8D0763052BD6B000D6D84 /* Release configuration for PBXNativeTarget "ZLinks" */ = {
			isa = XCBuildConfiguration;
			buildSettings = {
				ASSETCATALOG_COMPILER_APPICON_NAME = AppIcon;
				ASSETCATALOG_COMPILER_GLOBAL_ACCENT_COLOR_NAME = AccentColor;
				CODE_SIGN_STYLE = Automatic;
				CURRENT_PROJECT_VERSION = 93;
				DEVELOPMENT_TEAM = CXKUBU37C3;
				ENABLE_PREVIEWS = YES;
				GENERATE_INFOPLIST_FILE = NO;
				INFOPLIST_FILE = Info.plist;
				INFOPLIST_KEY_CFBundleDisplayName = "Z Links";
				INFOPLIST_KEY_LSApplicationCategoryType = "public.app-category.photography";
				INFOPLIST_KEY_NSBluetoothAlwaysUsageDescription = "ZLinks 需要通过蓝牙持续向 Nikon 相机同步手机 GPS。";
				INFOPLIST_KEY_NSCameraUsageDescription = "ZLinks 需要访问通过 USB 连接的相机，以读取照片并控制相机拍摄。";
				INFOPLIST_KEY_NSLocalNetworkUsageDescription = "ZLinks 使用本地网络连接 Nikon 相机并读取相机信息。";
				INFOPLIST_KEY_NSLocationAlwaysAndWhenInUseUsageDescription = "ZLinks 需要在后台获取位置并同步给相机。";
				INFOPLIST_KEY_NSLocationWhenInUseUsageDescription = "ZLinks 需要获取位置并同步给相机。";
				INFOPLIST_KEY_NSPhotoLibraryAddUsageDescription = "ZLinks 需要将从相机下载的原始照片保存到你的相册。";
				INFOPLIST_KEY_UIApplicationSceneManifest_Generation = YES;
				INFOPLIST_KEY_UIApplicationSupportsIndirectInputEvents = YES;
				INFOPLIST_KEY_UILaunchScreen_Generation = YES;
				INFOPLIST_KEY_UISupportedInterfaceOrientations_iPad = "UIInterfaceOrientationPortrait UIInterfaceOrientationPortraitUpsideDown UIInterfaceOrientationLandscapeLeft UIInterfaceOrientationLandscapeRight";
				INFOPLIST_KEY_UISupportedInterfaceOrientations_iPhone = "UIInterfaceOrientationPortrait UIInterfaceOrientationLandscapeLeft UIInterfaceOrientationLandscapeRight";
				IPHONEOS_DEPLOYMENT_TARGET = 26.0;
				LD_RUNPATH_SEARCH_PATHS = (
					"$(inherited)",
					"@executable_path/Frameworks",
				);
				MARKETING_VERSION = 1.1.0;
				PRODUCT_BUNDLE_IDENTIFIER = cn.bptpw.ZLinks;
				PRODUCT_NAME = "$(TARGET_NAME)";
				STRING_CATALOG_GENERATE_SYMBOLS = YES;
				SUPPORTED_PLATFORMS = "iphoneos iphonesimulator";
				SUPPORTS_MACCATALYST = NO;
				SUPPORTS_XR_DESIGNED_FOR_IPHONE_IPAD = NO;
				SWIFT_APPROACHABLE_CONCURRENCY = YES;
				SWIFT_DEFAULT_ACTOR_ISOLATION = MainActor;
				SWIFT_EMIT_LOC_STRINGS = YES;
				SWIFT_UPCOMING_FEATURE_MEMBER_IMPORT_VISIBILITY = YES;
				SWIFT_VERSION = 5.0;
				TARGETED_DEVICE_FAMILY = "1,2";
			};
			name = Release;
		};
		C3F8D0783052BD6B000D6D84 /* Debug configuration for PBXNativeTarget "ZLinksTests" */ = {
			isa = XCBuildConfiguration;
			buildSettings = {
				BUNDLE_LOADER = "$(TEST_HOST)";
				CODE_SIGN_STYLE = Automatic;
				CURRENT_PROJECT_VERSION = 1;
				DEVELOPMENT_TEAM = CXKUBU37C3;
				GENERATE_INFOPLIST_FILE = YES;
				IPHONEOS_DEPLOYMENT_TARGET = 27.0;
				MARKETING_VERSION = 1.0;
				PRODUCT_BUNDLE_IDENTIFIER = cn.bptpw.ZLinksTests;
				PRODUCT_NAME = "$(TARGET_NAME)";
				STRING_CATALOG_GENERATE_SYMBOLS = NO;
				SWIFT_APPROACHABLE_CONCURRENCY = YES;
				SWIFT_EMIT_LOC_STRINGS = NO;
				SWIFT_UPCOMING_FEATURE_MEMBER_IMPORT_VISIBILITY = YES;
				SWIFT_VERSION = 5.0;
				TARGETED_DEVICE_FAMILY = "1,2";
				TEST_HOST = "$(BUILT_PRODUCTS_DIR)/ZLinks.app/$(BUNDLE_EXECUTABLE_FOLDER_PATH)/ZLinks";
			};
			name = Debug;
		};
		C3F8D0793052BD6B000D6D84 /* Release configuration for PBXNativeTarget "ZLinksTests" */ = {
			isa = XCBuildConfiguration;
			buildSettings = {
				BUNDLE_LOADER = "$(TEST_HOST)";
				CODE_SIGN_STYLE = Automatic;
				CURRENT_PROJECT_VERSION = 1;
				DEVELOPMENT_TEAM = CXKUBU37C3;
				GENERATE_INFOPLIST_FILE = YES;
				IPHONEOS_DEPLOYMENT_TARGET = 27.0;
				MARKETING_VERSION = 1.0;
				PRODUCT_BUNDLE_IDENTIFIER = cn.bptpw.ZLinksTests;
				PRODUCT_NAME = "$(TARGET_NAME)";
				STRING_CATALOG_GENERATE_SYMBOLS = NO;
				SWIFT_APPROACHABLE_CONCURRENCY = YES;
				SWIFT_EMIT_LOC_STRINGS = NO;
				SWIFT_UPCOMING_FEATURE_MEMBER_IMPORT_VISIBILITY = YES;
				SWIFT_VERSION = 5.0;
				TARGETED_DEVICE_FAMILY = "1,2";
				TEST_HOST = "$(BUILT_PRODUCTS_DIR)/ZLinks.app/$(BUNDLE_EXECUTABLE_FOLDER_PATH)/ZLinks";
			};
			name = Release;
		};
		C3F8D07B3052BD6B000D6D84 /* Debug configuration for PBXNativeTarget "ZLinksUITests" */ = {
			isa = XCBuildConfiguration;
			buildSettings = {
				CODE_SIGN_STYLE = Automatic;
				CURRENT_PROJECT_VERSION = 1;
				DEVELOPMENT_TEAM = CXKUBU37C3;
				GENERATE_INFOPLIST_FILE = YES;
				MARKETING_VERSION = 1.0;
				PRODUCT_BUNDLE_IDENTIFIER = cn.bptpw.ZLinksUITests;
				PRODUCT_NAME = "$(TARGET_NAME)";
				STRING_CATALOG_GENERATE_SYMBOLS = NO;
				SWIFT_APPROACHABLE_CONCURRENCY = YES;
				SWIFT_EMIT_LOC_STRINGS = NO;
				SWIFT_UPCOMING_FEATURE_MEMBER_IMPORT_VISIBILITY = YES;
				SWIFT_VERSION = 5.0;
				TARGETED_DEVICE_FAMILY = "1,2";
				TEST_TARGET_NAME = ZLinks;
			};
			name = Debug;
		};
		C3F8D07C3052BD6B000D6D84 /* Release configuration for PBXNativeTarget "ZLinksUITests" */ = {
			isa = XCBuildConfiguration;
			buildSettings = {
				CODE_SIGN_STYLE = Automatic;
				CURRENT_PROJECT_VERSION = 1;
				DEVELOPMENT_TEAM = CXKUBU37C3;
				GENERATE_INFOPLIST_FILE = YES;
				MARKETING_VERSION = 1.0;
				PRODUCT_BUNDLE_IDENTIFIER = cn.bptpw.ZLinksUITests;
				PRODUCT_NAME = "$(TARGET_NAME)";
				STRING_CATALOG_GENERATE_SYMBOLS = NO;
				SWIFT_APPROACHABLE_CONCURRENCY = YES;
				SWIFT_EMIT_LOC_STRINGS = NO;
				SWIFT_UPCOMING_FEATURE_MEMBER_IMPORT_VISIBILITY = YES;
				SWIFT_VERSION = 5.0;
				TARGETED_DEVICE_FAMILY = "1,2";
				TEST_TARGET_NAME = ZLinks;
			};
			name = Release;
		};
/* End XCBuildConfiguration section */

/* Begin XCConfigurationList section */
		A10000000000000000000008 /* Build configuration list for PBXNativeTarget "ZLinksLiveActivity" */ = {
			isa = XCConfigurationList;
			buildConfigurations = (
				A10000000000000000000009 /* Debug configuration for PBXNativeTarget "ZLinksLiveActivity" */,
				A1000000000000000000000A /* Release configuration for PBXNativeTarget "ZLinksLiveActivity" */,
			);
			defaultConfigurationName = Release;
		};
		C3F8D0503052BD66000D6D84 /* Build configuration list for PBXProject "ZLinks" */ = {
			isa = XCConfigurationList;
			buildConfigurations = (
				C3F8D0723052BD6B000D6D84 /* Debug configuration for PBXProject "ZLinks" */,
				C3F8D0733052BD6B000D6D84 /* Release configuration for PBXProject "ZLinks" */,
			);
			defaultConfigurationName = Release;
		};
		C3F8D0743052BD6B000D6D84 /* Build configuration list for PBXNativeTarget "ZLinks" */ = {
			isa = XCConfigurationList;
			buildConfigurations = (
				C3F8D0753052BD6B000D6D84 /* Debug configuration for PBXNativeTarget "ZLinks" */,
				C3F8D0763052BD6B000D6D84 /* Release configuration for PBXNativeTarget "ZLinks" */,
			);
			defaultConfigurationName = Release;
		};
		C3F8D0773052BD6B000D6D84 /* Build configuration list for PBXNativeTarget "ZLinksTests" */ = {
			isa = XCConfigurationList;
			buildConfigurations = (
				C3F8D0783052BD6B000D6D84 /* Debug configuration for PBXNativeTarget "ZLinksTests" */,
				C3F8D0793052BD6B000D6D84 /* Release configuration for PBXNativeTarget "ZLinksTests" */,
			);
			defaultConfigurationName = Release;
		};
		C3F8D07A3052BD6B000D6D84 /* Build configuration list for PBXNativeTarget "ZLinksUITests" */ = {
			isa = XCConfigurationList;
			buildConfigurations = (
				C3F8D07B3052BD6B000D6D84 /* Debug configuration for PBXNativeTarget "ZLinksUITests" */,
				C3F8D07C3052BD6B000D6D84 /* Release configuration for PBXNativeTarget "ZLinksUITests" */,
			);
			defaultConfigurationName = Release;
		};
/* End XCConfigurationList section */
	};
	rootObject = C3F8D04D3052BD66000D6D84 /* Project object */;
	validationLevel = 1;
}
